
Microsoft Visual Studio Solution File, Format Version 12.00
# Visual Studio Version 16
VisualStudioVersion = 16.0.30128.74
MinimumVisualStudioVersion = 10.0.40219.1
Project("{FAE04EC0-301F-11D3-BF4B-00C04F79EFBC}") = "ELibraryManagement", "ELibraryManagement\ELibraryManagement.csproj", "{EEED380F-3475-4C28-8EE0-ABF3275EC80E}"
EndProject
Global
	GlobalSection(SolutionConfigurationPlatforms) = preSolution
		Debug|Any CPU = Debug|Any CPU
		Release|Any CPU = Release|Any CPU
	EndGlobalSection
	GlobalSection(ProjectConfigurationPlatforms) = postSolution
		{EEED380F-3475-4C28-8EE0-ABF3275EC80E}.Debug|Any CPU.ActiveCfg = Debug|Any CPU
		{EEED380F-3475-4C28-8EE0-ABF3275EC80E}.Debug|Any CPU.Build.0 = Debug|Any CPU
		{EEED380F-3475-4C28-8EE0-ABF3275EC80E}.Release|Any CPU.ActiveCfg = Release|Any CPU
		{EEED380F-3475-4C28-8EE0-ABF3275EC80E}.Release|Any CPU.Build.0 = Release|Any CPU
	EndGlobalSection
	GlobalSection(SolutionProperties) = preSolution
		HideSolutionNode = FALSE
	EndGlobalSection
	GlobalSection(ExtensibilityGlobals) = postSolution
		SolutionGuid = {F41C1A61-43DC-4447-AF28-BDB897DC3147}
	EndGlobalSection
EndGlobal
